// !$*UTF8*$!
{
	archiveVersion = 1;
	classes = {
	};
	objectVersion = 56;
	objects = {

/* Begin PBXBuildFile section */
		6381BF1C2C74B4C5001867F1 /* AppDelegate.swift in Sources */ = {isa = PBXBuildFile; fileRef = 6381BF1B2C74B4C5001867F1 /* AppDelegate.swift */; };
		6381BF1E2C74B4C5001867F1 /* SceneDelegate.swift in Sources */ = {isa = PBXBuildFile; fileRef = 6381BF1D2C74B4C5001867F1 /* SceneDelegate.swift */; };
		6381BF202C74B4C5001867F1 /* ViewController.swift in Sources */ = {isa = PBXBuildFile; fileRef = 6381BF1F2C74B4C5001867F1 /* ViewController.swift */; };
		6381BF232C74B4C5001867F1 /* Base in Resources */ = {isa = PBXBuildFile; fileRef = 6381BF222C74B4C5001867F1 /* Base */; };
		6381BF252C74B4C8001867F1 /* Assets.xcassets in Resources */ = {isa = PBXBuildFile; fileRef = 6381BF242C74B4C8001867F1 /* Assets.xcassets */; };
		6381BF282C74B4C8001867F1 /* Base in Resources */ = {isa = PBXBuildFile; fileRef = 6381BF272C74B4C8001867F1 /* Base */; };
		6381BF322C74B7F9001867F1 /* FieldTextView.xib in Resources */ = {isa = PBXBuildFile; fileRef = 6381BF312C74B7F9001867F1 /* FieldTextView.xib */; };
		6381BF342C74B803001867F1 /* FieldTextView.swift in Sources */ = {isa = PBXBuildFile; fileRef = 6381BF332C74B803001867F1 /* FieldTextView.swift */; };
		6381BF372C74BF61001867F1 /* PaddingTextField.swift in Sources */ = {isa = PBXBuildFile; fileRef = 6381BF362C74BF61001867F1 /* PaddingTextField.swift */; };
		6381BF3A2C74C0F6001867F1 /* AdditionalInfomationView.xib in Resources */ = {isa = PBXBuildFile; fileRef = 6381BF392C74C0F6001867F1 /* AdditionalInfomationView.xib */; };
		6381BF3C2C74C0FE001867F1 /* AdditionalInfomationView.swift in Sources */ = {isa = PBXBuildFile; fileRef = 6381BF3B2C74C0FE001867F1 /* AdditionalInfomationView.swift */; };
		639336782C74F2A400C33DFD /* FoodListView.xib in Resources */ = {isa = PBXBuildFile; fileRef = 639336772C74F2A400C33DFD /* FoodListView.xib */; };
		6393367A2C74F2AC00C33DFD /* FoodListView.swift in Sources */ = {isa = PBXBuildFile; fileRef = 639336792C74F2AC00C33DFD /* FoodListView.swift */; };
		6393367D2C75028100C33DFD /* FoodRecipeModel.swift in Sources */ = {isa = PBXBuildFile; fileRef = 6393367C2C75028100C33DFD /* FoodRecipeModel.swift */; };
		639336802C75035700C33DFD /* CheckBoxViaTextView.xib in Resources */ = {isa = PBXBuildFile; fileRef = 6393367F2C75035700C33DFD /* CheckBoxViaTextView.xib */; };
		639336822C75035D00C33DFD /* CheckBoxViaTextView.swift in Sources */ = {isa = PBXBuildFile; fileRef = 639336812C75035D00C33DFD /* CheckBoxViaTextView.swift */; };
		639336852C750D9C00C33DFD /* OtherInformationField.xib in Resources */ = {isa = PBXBuildFile; fileRef = 639336842C750D9C00C33DFD /* OtherInformationField.xib */; };
		639336872C750DA200C33DFD /* OtherInformationField.swift in Sources */ = {isa = PBXBuildFile; fileRef = 639336862C750DA200C33DFD /* OtherInformationField.swift */; };
		639336892C7513F100C33DFD /* PaddingLargeTextField.swift in Sources */ = {isa = PBXBuildFile; fileRef = 639336882C7513F000C33DFD /* PaddingLargeTextField.swift */; };
		639632FD2C77603000E54FC7 /* SubmitFormModel.swift in Sources */ = {isa = PBXBuildFile; fileRef = 639632FC2C77603000E54FC7 /* SubmitFormModel.swift */; };
		639632FF2C77A84F00E54FC7 /* Utils.swift in Sources */ = {isa = PBXBuildFile; fileRef = 639632FE2C77A84F00E54FC7 /* Utils.swift */; };
		63A6A5832C76279900916ECB /* GetJsonFile.swift in Sources */ = {isa = PBXBuildFile; fileRef = 63A6A5822C76279900916ECB /* GetJsonFile.swift */; };
		63A6A5872C7634B000916ECB /* FoodData.json in Resources */ = {isa = PBXBuildFile; fileRef = 63A6A5862C7634B000916ECB /* FoodData.json */; };
		63A6A58C2C763F8200916ECB /* FormViewModel.swift in Sources */ = {isa = PBXBuildFile; fileRef = 63A6A58B2C763F8200916ECB /* FormViewModel.swift */; };
/* End PBXBuildFile section */

/* Begin PBXFileReference section */
		6381BF182C74B4C5001867F1 /* FormReceipeFood.app */ = {isa = PBXFileReference; explicitFileType = wrapper.application; includeInIndex = 0; path = FormReceipeFood.app; sourceTree = BUILT_PRODUCTS_DIR; };
		6381BF1B2C74B4C5001867F1 /* AppDelegate.swift */ = {isa = PBXFileReference; lastKnownFileType = sourcecode.swift; path = AppDelegate.swift; sourceTree = "<group>"; };
		6381BF1D2C74B4C5001867F1 /* SceneDelegate.swift */ = {isa = PBXFileReference; lastKnownFileType = sourcecode.swift; path = SceneDelegate.swift; sourceTree = "<group>"; };
		6381BF1F2C74B4C5001867F1 /* ViewController.swift */ = {isa = PBXFileReference; lastKnownFileType = sourcecode.swift; path = ViewController.swift; sourceTree = "<group>"; };
		6381BF222C74B4C5001867F1 /* Base */ = {isa = PBXFileReference; lastKnownFileType = file.storyboard; name = Base; path = Base.lproj/Main.storyboard; sourceTree = "<group>"; };
		6381BF242C74B4C8001867F1 /* Assets.xcassets */ = {isa = PBXFileReference; lastKnownFileType = folder.assetcatalog; path = Assets.xcassets; sourceTree = "<group>"; };
		6381BF272C74B4C8001867F1 /* Base */ = {isa = PBXFileReference; lastKnownFileType = file.storyboard; name = Base; path = Base.lproj/LaunchScreen.storyboard; sourceTree = "<group>"; };
		6381BF292C74B4C8001867F1 /* Info.plist */ = {isa = PBXFileReference; lastKnownFileType = text.plist.xml; path = Info.plist; sourceTree = "<group>"; };
		6381BF312C74B7F9001867F1 /* FieldTextView.xib */ = {isa = PBXFileReference; lastKnownFileType = file.xib; path = FieldTextView.xib; sourceTree = "<group>"; };
		6381BF332C74B803001867F1 /* FieldTextView.swift */ = {isa = PBXFileReference; lastKnownFileType = sourcecode.swift; path = FieldTextView.swift; sourceTree = "<group>"; };
		6381BF362C74BF61001867F1 /* PaddingTextField.swift */ = {isa = PBXFileReference; lastKnownFileType = sourcecode.swift; path = PaddingTextField.swift; sourceTree = "<group>"; };
		6381BF392C74C0F6001867F1 /* AdditionalInfomationView.xib */ = {isa = PBXFileReference; lastKnownFileType = file.xib; path = AdditionalInfomationView.xib; sourceTree = "<group>"; };
		6381BF3B2C74C0FE001867F1 /* AdditionalInfomationView.swift */ = {isa = PBXFileReference; lastKnownFileType = sourcecode.swift; path = AdditionalInfomationView.swift; sourceTree = "<group>"; };
		639336772C74F2A400C33DFD /* FoodListView.xib */ = {isa = PBXFileReference; lastKnownFileType = file.xib; path = FoodListView.xib; sourceTree = "<group>"; };
		639336792C74F2AC00C33DFD /* FoodListView.swift */ = {isa = PBXFileReference; lastKnownFileType = sourcecode.swift; path = FoodListView.swift; sourceTree = "<group>"; };
		6393367C2C75028100C33DFD /* FoodRecipeModel.swift */ = {isa = PBXFileReference; lastKnownFileType = sourcecode.swift; path = FoodRecipeModel.swift; sourceTree = "<group>"; };
		6393367F2C75035700C33DFD /* CheckBoxViaTextView.xib */ = {isa = PBXFileReference; lastKnownFileType = file.xib; path = CheckBoxViaTextView.xib; sourceTree = "<group>"; };
		639336812C75035D00C33DFD /* CheckBoxViaTextView.swift */ = {isa = PBXFileReference; lastKnownFileType = sourcecode.swift; path = CheckBoxViaTextView.swift; sourceTree = "<group>"; };
		639336842C750D9C00C33DFD /* OtherInformationField.xib */ = {isa = PBXFileReference; lastKnownFileType = file.xib; path = OtherInformationField.xib; sourceTree = "<group>"; };
		639336862C750DA200C33DFD /* OtherInformationField.swift */ = {isa = PBXFileReference; lastKnownFileType = sourcecode.swift; path = OtherInformationField.swift; sourceTree = "<group>"; };
		639336882C7513F000C33DFD /* PaddingLargeTextField.swift */ = {isa = PBXFileReference; lastKnownFileType = sourcecode.swift; path = PaddingLargeTextField.swift; sourceTree = "<group>"; };
		639632FC2C77603000E54FC7 /* SubmitFormModel.swift */ = {isa = PBXFileReference; lastKnownFileType = sourcecode.swift; path = SubmitFormModel.swift; sourceTree = "<group>"; };
		639632FE2C77A84F00E54FC7 /* Utils.swift */ = {isa = PBXFileReference; lastKnownFileType = sourcecode.swift; path = Utils.swift; sourceTree = "<group>"; };
		63A6A5822C76279900916ECB /* GetJsonFile.swift */ = {isa = PBXFileReference; lastKnownFileType = sourcecode.swift; path = GetJsonFile.swift; sourceTree = "<group>"; };
		63A6A5862C7634B000916ECB /* FoodData.json */ = {isa = PBXFileReference; fileEncoding = 4; lastKnownFileType = text.json; path = FoodData.json; sourceTree = "<group>"; };
		63A6A58B2C763F8200916ECB /* FormViewModel.swift */ = {isa = PBXFileReference; lastKnownFileType = sourcecode.swift; path = FormViewModel.swift; sourceTree = "<group>"; };
/* End PBXFileReference section */

/* Begin PBXFrameworksBuildPhase section */
		6381BF152C74B4C5001867F1 /* Frameworks */ = {
			isa = PBXFrameworksBuildPhase;
			buildActionMask = 2147483647;
			files = (
			);
			runOnlyForDeploymentPostprocessing = 0;
		};
/* End PBXFrameworksBuildPhase section */

/* Begin PBXGroup section */
		6381BF0F2C74B4C5001867F1 = {
			isa = PBXGroup;
			children = (
				6381BF1A2C74B4C5001867F1 /* FormReceipeFood */,
				6381BF192C74B4C5001867F1 /* Products */,
			);
			sourceTree = "<group>";
		};
		6381BF192C74B4C5001867F1 /* Products */ = {
			isa = PBXGroup;
			children = (
				6381BF182C74B4C5001867F1 /* FormReceipeFood.app */,
			);
			name = Products;
			sourceTree = "<group>";
		};
		6381BF1A2C74B4C5001867F1 /* FormReceipeFood */ = {
			isa = PBXGroup;
			children = (
				63A6A58A2C763F7200916ECB /* ViewModel */,
				63A6A57D2C760A6600916ECB /* Data */,
				6393367B2C75025B00C33DFD /* Model */,
				6381BF352C74BF4F001867F1 /* Class */,
				6381BF2F2C74B7D8001867F1 /* Components */,
				6381BF1B2C74B4C5001867F1 /* AppDelegate.swift */,
				6381BF1D2C74B4C5001867F1 /* SceneDelegate.swift */,
				63A6A5862C7634B000916ECB /* FoodData.json */,
				6381BF1F2C74B4C5001867F1 /* ViewController.swift */,
				6381BF212C74B4C5001867F1 /* Main.storyboard */,
				6381BF242C74B4C8001867F1 /* Assets.xcassets */,
				6381BF262C74B4C8001867F1 /* LaunchScreen.storyboard */,
				6381BF292C74B4C8001867F1 /* Info.plist */,
			);
			path = FormReceipeFood;
			sourceTree = "<group>";
		};
		6381BF2F2C74B7D8001867F1 /* Components */ = {
			isa = PBXGroup;
			children = (
				6381BF3D2C74D611001867F1 /* UIView */,
			);
			path = Components;
			sourceTree = "<group>";
		};
		6381BF302C74B7E0001867F1 /* FieldText */ = {
			isa = PBXGroup;
			children = (
				6381BF312C74B7F9001867F1 /* FieldTextView.xib */,
				6381BF332C74B803001867F1 /* FieldTextView.swift */,
			);
			path = FieldText;
			sourceTree = "<group>";
		};
		6381BF352C74BF4F001867F1 /* Class */ = {
			isa = PBXGroup;
			children = (
				639336882C7513F000C33DFD /* PaddingLargeTextField.swift */,
				6381BF362C74BF61001867F1 /* PaddingTextField.swift */,
				63A6A5822C76279900916ECB /* GetJsonFile.swift */,
				639632FE2C77A84F00E54FC7 /* Utils.swift */,
			);
			path = Class;
			sourceTree = "<group>";
		};
		6381BF382C74C0DE001867F1 /* AdditionalInformation */ = {
			isa = PBXGroup;
			children = (
				6381BF392C74C0F6001867F1 /* AdditionalInfomationView.xib */,
				6381BF3B2C74C0FE001867F1 /* AdditionalInfomationView.swift */,
			);
			path = AdditionalInformation;
			sourceTree = "<group>";
		};
		6381BF3D2C74D611001867F1 /* UIView */ = {
			isa = PBXGroup;
			children = (
				639336832C750B1500C33DFD /* OtherInformationField */,
				6393367E2C75032500C33DFD /* CheckBoxViaTextView */,
				639336762C74F28000C33DFD /* FoodListView */,
				6381BF382C74C0DE001867F1 /* AdditionalInformation */,
				6381BF302C74B7E0001867F1 /* FieldText */,
			);
			path = UIView;
			sourceTree = "<group>";
		};
		639336762C74F28000C33DFD /* FoodListView */ = {
			isa = PBXGroup;
			children = (
				639336772C74F2A400C33DFD /* FoodListView.xib */,
				639336792C74F2AC00C33DFD /* FoodListView.swift */,
			);
			path = FoodListView;
			sourceTree = "<group>";
		};
		6393367B2C75025B00C33DFD /* Model */ = {
			isa = PBXGroup;
			children = (
				6393367C2C75028100C33DFD /* FoodRecipeModel.swift */,
				639632FC2C77603000E54FC7 /* SubmitFormModel.swift */,
			);
			path = Model;
			sourceTree = "<group>";
		};
		6393367E2C75032500C33DFD /* CheckBoxViaTextView */ = {
			isa = PBXGroup;
			children = (
				6393367F2C75035700C33DFD /* CheckBoxViaTextView.xib */,
				639336812C75035D00C33DFD /* CheckBoxViaTextView.swift */,
			);
			path = CheckBoxViaTextView;
			sourceTree = "<group>";
		};
		639336832C750B1500C33DFD /* OtherInformationField */ = {
			isa = PBXGroup;
			children = (
				639336842C750D9C00C33DFD /* OtherInformationField.xib */,
				639336862C750DA200C33DFD /* OtherInformationField.swift */,
			);
			path = OtherInformationField;
			sourceTree = "<group>";
		};
		63A6A57D2C760A6600916ECB /* Data */ = {
			isa = PBXGroup;
			children = (
			);
			path = Data;
			sourceTree = "<group>";
		};
		63A6A58A2C763F7200916ECB /* ViewModel */ = {
			isa = PBXGroup;
			children = (
				63A6A58B2C763F8200916ECB /* FormViewModel.swift */,
			);
			path = ViewModel;
			sourceTree = "<group>";
		};
/* End PBXGroup section */

/* Begin PBXNativeTarget section */
		6381BF172C74B4C5001867F1 /* FormReceipeFood */ = {
			isa = PBXNativeTarget;
			buildConfigurationList = 6381BF2C2C74B4C8001867F1 /* Build configuration list for PBXNativeTarget "FormReceipeFood" */;
			buildPhases = (
				6381BF142C74B4C5001867F1 /* Sources */,
				6381BF152C74B4C5001867F1 /* Frameworks */,
				6381BF162C74B4C5001867F1 /* Resources */,
			);
			buildRules = (
			);
			dependencies = (
			);
			name = FormReceipeFood;
			productName = FormReceipeFood;
			productReference = 6381BF182C74B4C5001867F1 /* FormReceipeFood.app */;
			productType = "com.apple.product-type.application";
		};
/* End PBXNativeTarget section */

/* Begin PBXProject section */
		6381BF102C74B4C5001867F1 /* Project object */ = {
			isa = PBXProject;
			attributes = {
				BuildIndependentTargetsInParallel = 1;
				LastSwiftUpdateCheck = 1540;
				LastUpgradeCheck = 1540;
				TargetAttributes = {
					6381BF172C74B4C5001867F1 = {
						CreatedOnToolsVersion = 15.4;
					};
				};
			};
			buildConfigurationList = 6381BF132C74B4C5001867F1 /* Build configuration list for PBXProject "FormReceipeFood" */;
			compatibilityVersion = "Xcode 14.0";
			developmentRegion = en;
			hasScannedForEncodings = 0;
			knownRegions = (
				en,
				Base,
			);
			mainGroup = 6381BF0F2C74B4C5001867F1;
			productRefGroup = 6381BF192C74B4C5001867F1 /* Products */;
			projectDirPath = "";
			projectRoot = "";
			targets = (
				6381BF172C74B4C5001867F1 /* FormReceipeFood */,
			);
		};
/* End PBXProject section */

/* Begin PBXResourcesBuildPhase section */
		6381BF162C74B4C5001867F1 /* Resources */ = {
			isa = PBXResourcesBuildPhase;
			buildActionMask = 2147483647;
			files = (
				63A6A5872C7634B000916ECB /* FoodData.json in Resources */,
				6381BF252C74B4C8001867F1 /* Assets.xcassets in Resources */,
				6381BF282C74B4C8001867F1 /* Base in Resources */,
				639336782C74F2A400C33DFD /* FoodListView.xib in Resources */,
				639336802C75035700C33DFD /* CheckBoxViaTextView.xib in Resources */,
				6381BF322C74B7F9001867F1 /* FieldTextView.xib in Resources */,
				6381BF3A2C74C0F6001867F1 /* AdditionalInfomationView.xib in Resources */,
				639336852C750D9C00C33DFD /* OtherInformationField.xib in Resources */,
				6381BF232C74B4C5001867F1 /* Base in Resources */,
			);
			runOnlyForDeploymentPostprocessing = 0;
		};
/* End PBXResourcesBuildPhase section */

/* Begin PBXSourcesBuildPhase section */
		6381BF142C74B4C5001867F1 /* Sources */ = {
			isa = PBXSourcesBuildPhase;
			buildActionMask = 2147483647;
			files = (
				63A6A58C2C763F8200916ECB /* FormViewModel.swift in Sources */,
				639632FD2C77603000E54FC7 /* SubmitFormModel.swift in Sources */,
				639336822C75035D00C33DFD /* CheckBoxViaTextView.swift in Sources */,
				6381BF202C74B4C5001867F1 /* ViewController.swift in Sources */,
				6393367D2C75028100C33DFD /* FoodRecipeModel.swift in Sources */,
				639632FF2C77A84F00E54FC7 /* Utils.swift in Sources */,
				6381BF372C74BF61001867F1 /* PaddingTextField.swift in Sources */,
				6393367A2C74F2AC00C33DFD /* FoodListView.swift in Sources */,
				63A6A5832C76279900916ECB /* GetJsonFile.swift in Sources */,
				6381BF1C2C74B4C5001867F1 /* AppDelegate.swift in Sources */,
				6381BF342C74B803001867F1 /* FieldTextView.swift in Sources */,
				6381BF1E2C74B4C5001867F1 /* SceneDelegate.swift in Sources */,
				639336872C750DA200C33DFD /* OtherInformationField.swift in Sources */,
				639336892C7513F100C33DFD /* PaddingLargeTextField.swift in Sources */,
				6381BF3C2C74C0FE001867F1 /* AdditionalInfomationView.swift in Sources */,
			);
			runOnlyForDeploymentPostprocessing = 0;
		};
/* End PBXSourcesBuildPhase section */

/* Begin PBXVariantGroup section */
		6381BF212C74B4C5001867F1 /* Main.storyboard */ = {
			isa = PBXVariantGroup;
			children = (
				6381BF222C74B4C5001867F1 /* Base */,
			);
			name = Main.storyboard;
			sourceTree = "<group>";
		};
		6381BF262C74B4C8001867F1 /* LaunchScreen.storyboard */ = {
			isa = PBXVariantGroup;
			children = (
				6381BF272C74B4C8001867F1 /* Base */,
			);
			name = LaunchScreen.storyboard;
			sourceTree = "<group>";
		};
/* End PBXVariantGroup section */

/* Begin XCBuildConfiguration section */
		6381BF2A2C74B4C8001867F1 /* Debug */ = {
			isa = XCBuildConfiguration;
			buildSettings = {
				ALWAYS_SEARCH_USER_PATHS = NO;
				ASSETCATALOG_COMPILER_GENERATE_SWIFT_ASSET_SYMBOL_EXTENSIONS = YES;
				CLANG_ANALYZER_NONNULL = YES;
				CLANG_ANALYZER_NUMBER_OBJECT_CONVERSION = YES_AGGRESSIVE;
				CLANG_CXX_LANGUAGE_STANDARD = "gnu++20";
				CLANG_ENABLE_MODULES = YES;
				CLANG_ENABLE_OBJC_ARC = YES;
				CLANG_ENABLE_OBJC_WEAK = YES;
				CLANG_WARN_BLOCK_CAPTURE_AUTORELEASING = YES;
				CLANG_WARN_BOOL_CONVERSION = YES;
				CLANG_WARN_COMMA = YES;
				CLANG_WARN_CONSTANT_CONVERSION = YES;
				CLANG_WARN_DEPRECATED_OBJC_IMPLEMENTATIONS = YES;
				CLANG_WARN_DIRECT_OBJC_ISA_USAGE = YES_ERROR;
				CLANG_WARN_DOCUMENTATION_COMMENTS = YES;
				CLANG_WARN_EMPTY_BODY = YES;
				CLANG_WARN_ENUM_CONVERSION = YES;
				CLANG_WARN_INFINITE_RECURSION = YES;
				CLANG_WARN_INT_CONVERSION = YES;
				CLANG_WARN_NON_LITERAL_NULL_CONVERSION = YES;
				CLANG_WARN_OBJC_IMPLICIT_RETAIN_SELF = YES;
				CLANG_WARN_OBJC_LITERAL_CONVERSION = YES;
				CLANG_WARN_OBJC_ROOT_CLASS = YES_ERROR;
				CLANG_WARN_QUOTED_INCLUDE_IN_FRAMEWORK_HEADER = YES;
				CLANG_WARN_RANGE_LOOP_ANALYSIS = YES;
				CLANG_WARN_STRICT_PROTOTYPES = YES;
				CLANG_WARN_SUSPICIOUS_MOVE = YES;
				CLANG_WARN_UNGUARDED_AVAILABILITY = YES_AGGRESSIVE;
				CLANG_WARN_UNREACHABLE_CODE = YES;
				CLANG_WARN__DUPLICATE_METHOD_MATCH = YES;
				COPY_PHASE_STRIP = NO;
				DEBUG_INFORMATION_FORMAT = dwarf;
				ENABLE_STRICT_OBJC_MSGSEND = YES;
				ENABLE_TESTABILITY = YES;
				ENABLE_USER_SCRIPT_SANDBOXING = YES;
				GCC_C_LANGUAGE_STANDARD = gnu17;
				GCC_DYNAMIC_NO_PIC = NO;
				GCC_NO_COMMON_BLOCKS = YES;
				GCC_OPTIMIZATION_LEVEL = 0;
				GCC_PREPROCESSOR_DEFINITIONS = (
					"DEBUG=1",
					"$(inherited)",
				);
				GCC_WARN_64_TO_32_BIT_CONVERSION = YES;
				GCC_WARN_ABOUT_RETURN_TYPE = YES_ERROR;
				GCC_WARN_UNDECLARED_SELECTOR = YES;
				GCC_WARN_UNINITIALIZED_AUTOS = YES_AGGRESSIVE;
				GCC_WARN_UNUSED_FUNCTION = YES;
				GCC_WARN_UNUSED_VARIABLE = YES;
				IPHONEOS_DEPLOYMENT_TARGET = 17.5;
				LOCALIZATION_PREFERS_STRING_CATALOGS = YES;
				MTL_ENABLE_DEBUG_INFO = INCLUDE_SOURCE;
				MTL_FAST_MATH = YES;
				ONLY_ACTIVE_ARCH = YES;
				SDKROOT = iphoneos;
				SWIFT_ACTIVE_COMPILATION_CONDITIONS = "DEBUG $(inherited)";
				SWIFT_OPTIMIZATION_LEVEL = "-Onone";
			};
			name = Debug;
		};
		6381BF2B2C74B4C8001867F1 /* Release */ = {
			isa = XCBuildConfiguration;
			buildSettings = {
				ALWAYS_SEARCH_USER_PATHS = NO;
				ASSETCATALOG_COMPILER_GENERATE_SWIFT_ASSET_SYMBOL_EXTENSIONS = YES;
				CLANG_ANALYZER_NONNULL = YES;
				CLANG_ANALYZER_NUMBER_OBJECT_CONVERSION = YES_AGGRESSIVE;
				CLANG_CXX_LANGUAGE_STANDARD = "gnu++20";
				CLANG_ENABLE_MODULES = YES;
				CLANG_ENABLE_OBJC_ARC = YES;
				CLANG_ENABLE_OBJC_WEAK = YES;
				CLANG_WARN_BLOCK_CAPTURE_AUTORELEASING = YES;
				CLANG_WARN_BOOL_CONVERSION = YES;
				CLANG_WARN_COMMA = YES;
				CLANG_WARN_CONSTANT_CONVERSION = YES;
				CLANG_WARN_DEPRECATED_OBJC_IMPLEMENTATIONS = YES;
				CLANG_WARN_DIRECT_OBJC_ISA_USAGE = YES_ERROR;
				CLANG_WARN_DOCUMENTATION_COMMENTS = YES;
				CLANG_WARN_EMPTY_BODY = YES;
				CLANG_WARN_ENUM_CONVERSION = YES;
				CLANG_WARN_INFINITE_RECURSION = YES;
				CLANG_WARN_INT_CONVERSION = YES;
				CLANG_WARN_NON_LITERAL_NULL_CONVERSION = YES;
				CLANG_WARN_OBJC_IMPLICIT_RETAIN_SELF = YES;
				CLANG_WARN_OBJC_LITERAL_CONVERSION = YES;
				CLANG_WARN_OBJC_ROOT_CLASS = YES_ERROR;
				CLANG_WARN_QUOTED_INCLUDE_IN_FRAMEWORK_HEADER = YES;
				CLANG_WARN_RANGE_LOOP_ANALYSIS = YES;
				CLANG_WARN_STRICT_PROTOTYPES = YES;
				CLANG_WARN_SUSPICIOUS_MOVE = YES;
				CLANG_WARN_UNGUARDED_AVAILABILITY = YES_AGGRESSIVE;
				CLANG_WARN_UNREACHABLE_CODE = YES;
				CLANG_WARN__DUPLICATE_METHOD_MATCH = YES;
				COPY_PHASE_STRIP = NO;
				DEBUG_INFORMATION_FORMAT = "dwarf-with-dsym";
				ENABLE_NS_ASSERTIONS = NO;
				ENABLE_STRICT_OBJC_MSGSEND = YES;
				ENABLE_USER_SCRIPT_SANDBOXING = YES;
				GCC_C_LANGUAGE_STANDARD = gnu17;
				GCC_NO_COMMON_BLOCKS = YES;
				GCC_WARN_64_TO_32_BIT_CONVERSION = YES;
				GCC_WARN_ABOUT_RETURN_TYPE = YES_ERROR;
				GCC_WARN_UNDECLARED_SELECTOR = YES;
				GCC_WARN_UNINITIALIZED_AUTOS = YES_AGGRESSIVE;
				GCC_WARN_UNUSED_FUNCTION = YES;
				GCC_WARN_UNUSED_VARIABLE = YES;
				IPHONEOS_DEPLOYMENT_TARGET = 17.5;
				LOCALIZATION_PREFERS_STRING_CATALOGS = YES;
				MTL_ENABLE_DEBUG_INFO = NO;
				MTL_FAST_MATH = YES;
				SDKROOT = iphoneos;
				SWIFT_COMPILATION_MODE = wholemodule;
				VALIDATE_PRODUCT = YES;
			};
			name = Release;
		};
		6381BF2D2C74B4C8001867F1 /* Debug */ = {
			isa = XCBuildConfiguration;
			buildSettings = {
				ASSETCATALOG_COMPILER_APPICON_NAME = AppIcon;
				ASSETCATALOG_COMPILER_GLOBAL_ACCENT_COLOR_NAME = AccentColor;
				CODE_SIGN_STYLE = Automatic;
				CURRENT_PROJECT_VERSION = 1;
				DEVELOPMENT_TEAM = MGN9TDN5PJ;
				GENERATE_INFOPLIST_FILE = YES;
				INFOPLIST_FILE = FormReceipeFood/Info.plist;
				INFOPLIST_KEY_UIApplicationSupportsIndirectInputEvents = YES;
				INFOPLIST_KEY_UILaunchStoryboardName = LaunchScreen;
				INFOPLIST_KEY_UIMainStoryboardFile = Main;
				INFOPLIST_KEY_UISupportedInterfaceOrientations = UIInterfaceOrientationPortrait;
				INFOPLIST_KEY_UISupportedInterfaceOrientations_iPad = "UIInterfaceOrientationLandscapeLeft UIInterfaceOrientationLandscapeRight UIInterfaceOrientationPortrait UIInterfaceOrientationPortraitUpsideDown";
				LD_RUNPATH_SEARCH_PATHS = (
					"$(inherited)",
					"@executable_path/Frameworks",
				);
				MARKETING_VERSION = 1.0;
				PRODUCT_BUNDLE_IDENTIFIER = PP.FormReceipeFood;
				PRODUCT_NAME = "$(TARGET_NAME)";
				SUPPORTED_PLATFORMS = "iphoneos iphonesimulator";
				SUPPORTS_MACCATALYST = NO;
				SUPPORTS_MAC_DESIGNED_FOR_IPHONE_IPAD = NO;
				SUPPORTS_XR_DESIGNED_FOR_IPHONE_IPAD = NO;
				SWIFT_EMIT_LOC_STRINGS = YES;
				SWIFT_VERSION = 5.0;
				TARGETED_DEVICE_FAMILY = 1;
			};
			name = Debug;
		};
		6381BF2E2C74B4C8001867F1 /* Release */ = {
			isa = XCBuildConfiguration;
			buildSettings = {
				ASSETCATALOG_COMPILER_APPICON_NAME = AppIcon;
				ASSETCATALOG_COMPILER_GLOBAL_ACCENT_COLOR_NAME = AccentColor;
				CODE_SIGN_STYLE = Automatic;
				CURRENT_PROJECT_VERSION = 1;
				DEVELOPMENT_TEAM = MGN9TDN5PJ;
				GENERATE_INFOPLIST_FILE = YES;
				INFOPLIST_FILE = FormReceipeFood/Info.plist;
				INFOPLIST_KEY_UIApplicationSupportsIndirectInputEvents = YES;
				INFOPLIST_KEY_UILaunchStoryboardName = LaunchScreen;
				INFOPLIST_KEY_UIMainStoryboardFile = Main;
				INFOPLIST_KEY_UISupportedInterfaceOrientations = UIInterfaceOrientationPortrait;
				INFOPLIST_KEY_UISupportedInterfaceOrientations_iPad = "UIInterfaceOrientationLandscapeLeft UIInterfaceOrientationLandscapeRight UIInterfaceOrientationPortrait UIInterfaceOrientationPortraitUpsideDown";
				LD_RUNPATH_SEARCH_PATHS = (
					"$(inherited)",
					"@executable_path/Frameworks",
				);
				MARKETING_VERSION = 1.0;
				PRODUCT_BUNDLE_IDENTIFIER = PP.FormReceipeFood;
				PRODUCT_NAME = "$(TARGET_NAME)";
				SUPPORTED_PLATFORMS = "iphoneos iphonesimulator";
				SUPPORTS_MACCATALYST = NO;
				SUPPORTS_MAC_DESIGNED_FOR_IPHONE_IPAD = NO;
				SUPPORTS_XR_DESIGNED_FOR_IPHONE_IPAD = NO;
				SWIFT_EMIT_LOC_STRINGS = YES;
				SWIFT_VERSION = 5.0;
				TARGETED_DEVICE_FAMILY = 1;
			};
			name = Release;
		};
/* End XCBuildConfiguration section */

/* Begin XCConfigurationList section */
		6381BF132C74B4C5001867F1 /* Build configuration list for PBXProject "FormReceipeFood" */ = {
			isa = XCConfigurationList;
			buildConfigurations = (
				6381BF2A2C74B4C8001867F1 /* Debug */,
				6381BF2B2C74B4C8001867F1 /* Release */,
			);
			defaultConfigurationIsVisible = 0;
			defaultConfigurationName = Release;
		};
		6381BF2C2C74B4C8001867F1 /* Build configuration list for PBXNativeTarget "FormReceipeFood" */ = {
			isa = XCConfigurationList;
			buildConfigurations = (
				6381BF2D2C74B4C8001867F1 /* Debug */,
				6381BF2E2C74B4C8001867F1 /* Release */,
			);
			defaultConfigurationIsVisible = 0;
			defaultConfigurationName = Release;
		};
/* End XCConfigurationList section */
	};
	rootObject = 6381BF102C74B4C5001867F1 /* Project object */;
}
